
Microsoft Visual Studio Solution File, Format Version 12.00
Project("{FAE04EC0-301F-11D3-BF4B-00C04F79EFBC}") = "first project", "first project.csproj", "{A7A60003-11DF-4AE5-84B7-CAB970A0A9B8}"
EndProject
Global
	GlobalSection(SolutionConfigurationPlatforms) = preSolution
		Debug|Any CPU = Debug|Any CPU
		Release|Any CPU = Release|Any CPU
	EndGlobalSection
	GlobalSection(ProjectConfigurationPlatforms) = postSolution
		{A7A60003-11DF-4AE5-84B7-CAB970A0A9B8}.Debug|Any CPU.ActiveCfg = Debug|Any CPU
		{A7A60003-11DF-4AE5-84B7-CAB970A0A9B8}.Debug|Any CPU.Build.0 = Debug|Any CPU
		{A7A60003-11DF-4AE5-84B7-CAB970A0A9B8}.Release|Any CPU.ActiveCfg = Release|Any CPU
		{A7A60003-11DF-4AE5-84B7-CAB970A0A9B8}.Release|Any CPU.Build.0 = Release|Any CPU
	EndGlobalSection
EndGlobal
